
Microsoft Visual Studio Solution File, Format Version 12.00
# Visual Studio Version 17
VisualStudioVersion = 17.11.35222.181
MinimumVisualStudioVersion = 10.0.40219.1
Project("{FAE04EC0-301F-11D3-BF4B-00C04F79EFBC}") = "CryptoHelper", "CryptoHelper\CryptoHelper.csproj", "{882E42B2-1A24-42AF-B4AD-045FE641F9E4}"
EndProject
Global
	GlobalSection(SolutionConfigurationPlatforms) = preSolution
		Debug|Any CPU = Debug|Any CPU
		Release|Any CPU = Release|Any CPU
	EndGlobalSection
	GlobalSection(ProjectConfigurationPlatforms) = postSolution
		{882E42B2-1A24-42AF-B4AD-045FE641F9E4}.Debug|Any CPU.ActiveCfg = Debug|Any CPU
		{882E42B2-1A24-42AF-B4AD-045FE641F9E4}.Debug|Any CPU.Build.0 = Debug|Any CPU
		{882E42B2-1A24-42AF-B4AD-045FE641F9E4}.Release|Any CPU.ActiveCfg = Release|Any CPU
		{882E42B2-1A24-42AF-B4AD-045FE641F9E4}.Release|Any CPU.Build.0 = Release|Any CPU
	EndGlobalSection
	GlobalSection(SolutionProperties) = preSolution
		HideSolutionNode = FALSE
	EndGlobalSection
	GlobalSection(ExtensibilityGlobals) = postSolution
		SolutionGuid = {185EFB5A-0768-432B-8BA2-FB716B3A80ED}
	EndGlobalSection
EndGlobal
